
Microsoft Visual Studio Solution File, Format Version 12.00
# Visual Studio Version 17
VisualStudioVersion = 17.5.33424.131
MinimumVisualStudioVersion = 10.0.40219.1
Project("{FAE04EC0-301F-11D3-BF4B-00C04F79EFBC}") = "Foretch", "Foretch\Foretch.csproj", "{C0450ADD-CA4D-482B-A843-3B7FC8D9BFD1}"
EndProject
Global
	GlobalSection(SolutionConfigurationPlatforms) = preSolution
		Debug|Any CPU = Debug|Any CPU
		Release|Any CPU = Release|Any CPU
	EndGlobalSection
	GlobalSection(ProjectConfigurationPlatforms) = postSolution
		{C0450ADD-CA4D-482B-A843-3B7FC8D9BFD1}.Debug|Any CPU.ActiveCfg = Debug|Any CPU
		{C0450ADD-CA4D-482B-A843-3B7FC8D9BFD1}.Debug|Any CPU.Build.0 = Debug|Any CPU
		{C0450ADD-CA4D-482B-A843-3B7FC8D9BFD1}.Release|Any CPU.ActiveCfg = Release|Any CPU
		{C0450ADD-CA4D-482B-A843-3B7FC8D9BFD1}.Release|Any CPU.Build.0 = Release|Any CPU
	EndGlobalSection
	GlobalSection(SolutionProperties) = preSolution
		HideSolutionNode = FALSE
	EndGlobalSection
	GlobalSection(ExtensibilityGlobals) = postSolution
		SolutionGuid = {8F864102-2207-4869-AA1A-B5F768383845}
	EndGlobalSection
EndGlobal
